// !$*UTF8*$!
{
	archiveVersion = 1;
	classes = {
	};
	objectVersion = 46;
	objects = {

/* Begin PBXBuildFile section */
		6174962E1C294442009A31B7 /* main.m in Sources */ = {isa = PBXBuildFile; fileRef = 6174962D1C294442009A31B7 /* main.m */; };
		617496311C294442009A31B7 /* AppDelegate.m in Sources */ = {isa = PBXBuildFile; fileRef = 617496301C294442009A31B7 /* AppDelegate.m */; };
		617496341C294442009A31B7 /* ViewController.m in Sources */ = {isa = PBXBuildFile; fileRef = 617496331C294442009A31B7 /* ViewController.m */; };
		617496371C294442009A31B7 /* Main.storyboard in Resources */ = {isa = PBXBuildFile; fileRef = 617496351C294442009A31B7 /* Main.storyboard */; };
		617496391C294442009A31B7 /* Images.xcassets in Resources */ = {isa = PBXBuildFile; fileRef = 617496381C294442009A31B7 /* Images.xcassets */; };
		6174963C1C294442009A31B7 /* LaunchScreen.xib in Resources */ = {isa = PBXBuildFile; fileRef = 6174963A1C294442009A31B7 /* LaunchScreen.xib */; };
		617496481C294443009A31B7 /* airQTests.m in Sources */ = {isa = PBXBuildFile; fileRef = 617496471C294443009A31B7 /* airQTests.m */; };
		617496541C295B10009A31B7 /* IMG_3681副本.jpg in Resources */ = {isa = PBXBuildFile; fileRef = 617496531C295B10009A31B7 /* IMG_3681副本.jpg */; };
/* End PBXBuildFile section */

/* Begin PBXContainerItemProxy section */
		617496421C294443009A31B7 /* PBXContainerItemProxy */ = {
			isa = PBXContainerItemProxy;
			containerPortal = 617496201C294442009A31B7 /* Project object */;
			proxyType = 1;
			remoteGlobalIDString = 617496271C294442009A31B7;
			remoteInfo = airQ;
		};
/* End PBXContainerItemProxy section */

/* Begin PBXFileReference section */
		617496281C294442009A31B7 /* airQ.app */ = {isa = PBXFileReference; explicitFileType = wrapper.application; includeInIndex = 0; path = airQ.app; sourceTree = BUILT_PRODUCTS_DIR; };
		6174962C1C294442009A31B7 /* Info.plist */ = {isa = PBXFileReference; lastKnownFileType = text.plist.xml; path = Info.plist; sourceTree = "<group>"; };
		6174962D1C294442009A31B7 /* main.m */ = {isa = PBXFileReference; lastKnownFileType = sourcecode.c.objc; path = main.m; sourceTree = "<group>"; };
		6174962F1C294442009A31B7 /* AppDelegate.h */ = {isa = PBXFileReference; lastKnownFileType = sourcecode.c.h; path = AppDelegate.h; sourceTree = "<group>"; };
		617496301C294442009A31B7 /* AppDelegate.m */ = {isa = PBXFileReference; lastKnownFileType = sourcecode.c.objc; path = AppDelegate.m; sourceTree = "<group>"; };
		617496321C294442009A31B7 /* ViewController.h */ = {isa = PBXFileReference; lastKnownFileType = sourcecode.c.h; path = ViewController.h; sourceTree = "<group>"; };
		617496331C294442009A31B7 /* ViewController.m */ = {isa = PBXFileReference; lastKnownFileType = sourcecode.c.objc; path = ViewController.m; sourceTree = "<group>"; };
		617496361C294442009A31B7 /* Base */ = {isa = PBXFileReference; lastKnownFileType = file.storyboard; name = Base; path = Base.lproj/Main.storyboard; sourceTree = "<group>"; };
		617496381C294442009A31B7 /* Images.xcassets */ = {isa = PBXFileReference; lastKnownFileType = folder.assetcatalog; path = Images.xcassets; sourceTree = "<group>"; };
		6174963B1C294442009A31B7 /* Base */ = {isa = PBXFileReference; lastKnownFileType = file.xib; name = Base; path = Base.lproj/LaunchScreen.xib; sourceTree = "<group>"; };
		617496411C294443009A31B7 /* airQTests.xctest */ = {isa = PBXFileReference; explicitFileType = wrapper.cfbundle; includeInIndex = 0; path = airQTests.xctest; sourceTree = BUILT_PRODUCTS_DIR; };
		617496461C294443009A31B7 /* Info.plist */ = {isa = PBXFileReference; lastKnownFileType = text.plist.xml; path = Info.plist; sourceTree = "<group>"; };
		617496471C294443009A31B7 /* airQTests.m */ = {isa = PBXFileReference; lastKnownFileType = sourcecode.c.objc; path = airQTests.m; sourceTree = "<group>"; };
		617496531C295B10009A31B7 /* IMG_3681副本.jpg */ = {isa = PBXFileReference; lastKnownFileType = image.jpeg; path = "IMG_3681副本.jpg"; sourceTree = "<group>"; };
/* End PBXFileReference section */

/* Begin PBXFrameworksBuildPhase section */
		617496251C294442009A31B7 /* Frameworks */ = {
			isa = PBXFrameworksBuildPhase;
			buildActionMask = 2147483647;
			files = (
			);
			runOnlyForDeploymentPostprocessing = 0;
		};
		6174963E1C294443009A31B7 /* Frameworks */ = {
			isa = PBXFrameworksBuildPhase;
			buildActionMask = 2147483647;
			files = (
			);
			runOnlyForDeploymentPostprocessing = 0;
		};
/* End PBXFrameworksBuildPhase section */

/* Begin PBXGroup section */
		6174961F1C294442009A31B7 = {
			isa = PBXGroup;
			children = (
				6174962A1C294442009A31B7 /* airQ */,
				617496441C294443009A31B7 /* airQTests */,
				617496291C294442009A31B7 /* Products */,
			);
			sourceTree = "<group>";
		};
		617496291C294442009A31B7 /* Products */ = {
			isa = PBXGroup;
			children = (
				617496281C294442009A31B7 /* airQ.app */,
				617496411C294443009A31B7 /* airQTests.xctest */,
			);
			name = Products;
			sourceTree = "<group>";
		};
		6174962A1C294442009A31B7 /* airQ */ = {
			isa = PBXGroup;
			children = (
				617496531C295B10009A31B7 /* IMG_3681副本.jpg */,
				6174962F1C294442009A31B7 /* AppDelegate.h */,
				617496301C294442009A31B7 /* AppDelegate.m */,
				617496321C294442009A31B7 /* ViewController.h */,
				617496331C294442009A31B7 /* ViewController.m */,
				617496351C294442009A31B7 /* Main.storyboard */,
				617496381C294442009A31B7 /* Images.xcassets */,
				6174963A1C294442009A31B7 /* LaunchScreen.xib */,
				6174962B1C294442009A31B7 /* Supporting Files */,
			);
			path = airQ;
			sourceTree = "<group>";
		};
		6174962B1C294442009A31B7 /* Supporting Files */ = {
			isa = PBXGroup;
			children = (
				6174962C1C294442009A31B7 /* Info.plist */,
				6174962D1C294442009A31B7 /* main.m */,
			);
			name = "Supporting Files";
			sourceTree = "<group>";
		};
		617496441C294443009A31B7 /* airQTests */ = {
			isa = PBXGroup;
			children = (
				617496471C294443009A31B7 /* airQTests.m */,
				617496451C294443009A31B7 /* Supporting Files */,
			);
			path = airQTests;
			sourceTree = "<group>";
		};
		617496451C294443009A31B7 /* Supporting Files */ = {
			isa = PBXGroup;
			children = (
				617496461C294443009A31B7 /* Info.plist */,
			);
			name = "Supporting Files";
			sourceTree = "<group>";
		};
/* End PBXGroup section */

/* Begin PBXNativeTarget section */
		617496271C294442009A31B7 /* airQ */ = {
			isa = PBXNativeTarget;
			buildConfigurationList = 6174964B1C294443009A31B7 /* Build configuration list for PBXNativeTarget "airQ" */;
			buildPhases = (
				617496241C294442009A31B7 /* Sources */,
				617496251C294442009A31B7 /* Frameworks */,
				617496261C294442009A31B7 /* Resources */,
			);
			buildRules = (
			);
			dependencies = (
			);
			name = airQ;
			productName = airQ;
			productReference = 617496281C294442009A31B7 /* airQ.app */;
			productType = "com.apple.product-type.application";
		};
		617496401C294443009A31B7 /* airQTests */ = {
			isa = PBXNativeTarget;
			buildConfigurationList = 6174964E1C294443009A31B7 /* Build configuration list for PBXNativeTarget "airQTests" */;
			buildPhases = (
				6174963D1C294443009A31B7 /* Sources */,
				6174963E1C294443009A31B7 /* Frameworks */,
				6174963F1C294443009A31B7 /* Resources */,
			);
			buildRules = (
			);
			dependencies = (
				617496431C294443009A31B7 /* PBXTargetDependency */,
			);
			name = airQTests;
			productName = airQTests;
			productReference = 617496411C294443009A31B7 /* airQTests.xctest */;
			productType = "com.apple.product-type.bundle.unit-test";
		};
/* End PBXNativeTarget section */

/* Begin PBXProject section */
		617496201C294442009A31B7 /* Project object */ = {
			isa = PBXProject;
			attributes = {
				LastUpgradeCheck = 0640;
				ORGANIZATIONNAME = EMPty;
				TargetAttributes = {
					617496271C294442009A31B7 = {
						CreatedOnToolsVersion = 6.4;
					};
					617496401C294443009A31B7 = {
						CreatedOnToolsVersion = 6.4;
						TestTargetID = 617496271C294442009A31B7;
					};
				};
			};
			buildConfigurationList = 617496231C294442009A31B7 /* Build configuration list for PBXProject "airQ" */;
			compatibilityVersion = "Xcode 3.2";
			developmentRegion = English;
			hasScannedForEncodings = 0;
			knownRegions = (
				en,
				Base,
			);
			mainGroup = 6174961F1C294442009A31B7;
			productRefGroup = 617496291C294442009A31B7 /* Products */;
			projectDirPath = "";
			projectRoot = "";
			targets = (
				617496271C294442009A31B7 /* airQ */,
				617496401C294443009A31B7 /* airQTests */,
			);
		};
/* End PBXProject section */

/* Begin PBXResourcesBuildPhase section */
		617496261C294442009A31B7 /* Resources */ = {
			isa = PBXResourcesBuildPhase;
			buildActionMask = 2147483647;
			files = (
				617496371C294442009A31B7 /* Main.storyboard in Resources */,
				6174963C1C294442009A31B7 /* LaunchScreen.xib in Resources */,
				617496541C295B10009A31B7 /* IMG_3681副本.jpg in Resources */,
				617496391C294442009A31B7 /* Images.xcassets in Resources */,
			);
			runOnlyForDeploymentPostprocessing = 0;
		};
		6174963F1C294443009A31B7 /* Resources */ = {
			isa = PBXResourcesBuildPhase;
			buildActionMask = 2147483647;
			files = (
			);
			runOnlyForDeploymentPostprocessing = 0;
		};
/* End PBXResourcesBuildPhase section */

/* Begin PBXSourcesBuildPhase section */
		617496241C294442009A31B7 /* Sources */ = {
			isa = PBXSourcesBuildPhase;
			buildActionMask = 2147483647;
			files = (
				617496341C294442009A31B7 /* ViewController.m in Sources */,
				617496311C294442009A31B7 /* AppDelegate.m in Sources */,
				6174962E1C294442009A31B7 /* main.m in Sources */,
			);
			runOnlyForDeploymentPostprocessing = 0;
		};
		6174963D1C294443009A31B7 /* Sources */ = {
			isa = PBXSourcesBuildPhase;
			buildActionMask = 2147483647;
			files = (
				617496481C294443009A31B7 /* airQTests.m in Sources */,
			);
			runOnlyForDeploymentPostprocessing = 0;
		};
/* End PBXSourcesBuildPhase section */

/* Begin PBXTargetDependency section */
		617496431C294443009A31B7 /* PBXTargetDependency */ = {
			isa = PBXTargetDependency;
			target = 617496271C294442009A31B7 /* airQ */;
			targetProxy = 617496421C294443009A31B7 /* PBXContainerItemProxy */;
		};
/* End PBXTargetDependency section */

/* Begin PBXVariantGroup section */
		617496351C294442009A31B7 /* Main.storyboard */ = {
			isa = PBXVariantGroup;
			children = (
				617496361C294442009A31B7 /* Base */,
			);
			name = Main.storyboard;
			sourceTree = "<group>";
		};
		6174963A1C294442009A31B7 /* LaunchScreen.xib */ = {
			isa = PBXVariantGroup;
			children = (
				6174963B1C294442009A31B7 /* Base */,
			);
			name = LaunchScreen.xib;
			sourceTree = "<group>";
		};
/* End PBXVariantGroup section */

/* Begin XCBuildConfiguration section */
		617496491C294443009A31B7 /* Debug */ = {
			isa = XCBuildConfiguration;
			buildSettings = {
				ALWAYS_SEARCH_USER_PATHS = NO;
				CLANG_CXX_LANGUAGE_STANDARD = "gnu++0x";
				CLANG_CXX_LIBRARY = "libc++";
				CLANG_ENABLE_MODULES = YES;
				CLANG_ENABLE_OBJC_ARC = YES;
				CLANG_WARN_BOOL_CONVERSION = YES;
				CLANG_WARN_CONSTANT_CONVERSION = YES;
				CLANG_WARN_DIRECT_OBJC_ISA_USAGE = YES_ERROR;
				CLANG_WARN_EMPTY_BODY = YES;
				CLANG_WARN_ENUM_CONVERSION = YES;
				CLANG_WARN_INT_CONVERSION = YES;
				CLANG_WARN_OBJC_ROOT_CLASS = YES_ERROR;
				CLANG_WARN_UNREACHABLE_CODE = YES;
				CLANG_WARN__DUPLICATE_METHOD_MATCH = YES;
				"CODE_SIGN_IDENTITY[sdk=iphoneos*]" = "iPhone Developer";
				COPY_PHASE_STRIP = NO;
				DEBUG_INFORMATION_FORMAT = "dwarf-with-dsym";
				ENABLE_STRICT_OBJC_MSGSEND = YES;
				GCC_C_LANGUAGE_STANDARD = gnu99;
				GCC_DYNAMIC_NO_PIC = NO;
				GCC_NO_COMMON_BLOCKS = YES;
				GCC_OPTIMIZATION_LEVEL = 0;
				GCC_PREPROCESSOR_DEFINITIONS = (
					"DEBUG=1",
					"$(inherited)",
				);
				GCC_SYMBOLS_PRIVATE_EXTERN = NO;
				GCC_WARN_64_TO_32_BIT_CONVERSION = YES;
				GCC_WARN_ABOUT_RETURN_TYPE = YES_ERROR;
				GCC_WARN_UNDECLARED_SELECTOR = YES;
				GCC_WARN_UNINITIALIZED_AUTOS = YES_AGGRESSIVE;
				GCC_WARN_UNUSED_FUNCTION = YES;
				GCC_WARN_UNUSED_VARIABLE = YES;
				IPHONEOS_DEPLOYMENT_TARGET = 8.4;
				MTL_ENABLE_DEBUG_INFO = YES;
				ONLY_ACTIVE_ARCH = YES;
				SDKROOT = iphoneos;
			};
			name = Debug;
		};
		6174964A1C294443009A31B7 /* Release */ = {
			isa = XCBuildConfiguration;
			buildSettings = {
				ALWAYS_SEARCH_USER_PATHS = NO;
				CLANG_CXX_LANGUAGE_STANDARD = "gnu++0x";
				CLANG_CXX_LIBRARY = "libc++";
				CLANG_ENABLE_MODULES = YES;
				CLANG_ENABLE_OBJC_ARC = YES;
				CLANG_WARN_BOOL_CONVERSION = YES;
				CLANG_WARN_CONSTANT_CONVERSION = YES;
				CLANG_WARN_DIRECT_OBJC_ISA_USAGE = YES_ERROR;
				CLANG_WARN_EMPTY_BODY = YES;
				CLANG_WARN_ENUM_CONVERSION = YES;
				CLANG_WARN_INT_CONVERSION = YES;
				CLANG_WARN_OBJC_ROOT_CLASS = YES_ERROR;
				CLANG_WARN_UNREACHABLE_CODE = YES;
				CLANG_WARN__DUPLICATE_METHOD_MATCH = YES;
				"CODE_SIGN_IDENTITY[sdk=iphoneos*]" = "iPhone Developer";
				COPY_PHASE_STRIP = NO;
				DEBUG_INFORMATION_FORMAT = "dwarf-with-dsym";
				ENABLE_NS_ASSERTIONS = NO;
				ENABLE_STRICT_OBJC_MSGSEND = YES;
				GCC_C_LANGUAGE_STANDARD = gnu99;
				GCC_NO_COMMON_BLOCKS = YES;
				GCC_WARN_64_TO_32_BIT_CONVERSION = YES;
				GCC_WARN_ABOUT_RETURN_TYPE = YES_ERROR;
				GCC_WARN_UNDECLARED_SELECTOR = YES;
				GCC_WARN_UNINITIALIZED_AUTOS = YES_AGGRESSIVE;
				GCC_WARN_UNUSED_FUNCTION = YES;
				GCC_WARN_UNUSED_VARIABLE = YES;
				IPHONEOS_DEPLOYMENT_TARGET = 8.4;
				MTL_ENABLE_DEBUG_INFO = NO;
				SDKROOT = iphoneos;
				VALIDATE_PRODUCT = YES;
			};
			name = Release;
		};
		6174964C1C294443009A31B7 /* Debug */ = {
			isa = XCBuildConfiguration;
			buildSettings = {
				ASSETCATALOG_COMPILER_APPICON_NAME = AppIcon;
				INFOPLIST_FILE = airQ/Info.plist;
				LD_RUNPATH_SEARCH_PATHS = "$(inherited) @executable_path/Frameworks";
				PRODUCT_NAME = "$(TARGET_NAME)";
			};
			name = Debug;
		};
		6174964D1C294443009A31B7 /* Release */ = {
			isa = XCBuildConfiguration;
			buildSettings = {
				ASSETCATALOG_COMPILER_APPICON_NAME = AppIcon;
				INFOPLIST_FILE = airQ/Info.plist;
				LD_RUNPATH_SEARCH_PATHS = "$(inherited) @executable_path/Frameworks";
				PRODUCT_NAME = "$(TARGET_NAME)";
			};
			name = Release;
		};
		6174964F1C294443009A31B7 /* Debug */ = {
			isa = XCBuildConfiguration;
			buildSettings = {
				BUNDLE_LOADER = "$(TEST_HOST)";
				FRAMEWORK_SEARCH_PATHS = (
					"$(SDKROOT)/Developer/Library/Frameworks",
					"$(inherited)",
				);
				GCC_PREPROCESSOR_DEFINITIONS = (
					"DEBUG=1",
					"$(inherited)",
				);
				INFOPLIST_FILE = airQTests/Info.plist;
				LD_RUNPATH_SEARCH_PATHS = "$(inherited) @executable_path/Frameworks @loader_path/Frameworks";
				PRODUCT_NAME = "$(TARGET_NAME)";
				TEST_HOST = "$(BUILT_PRODUCTS_DIR)/airQ.app/airQ";
			};
			name = Debug;
		};
		617496501C294443009A31B7 /* Release */ = {
			isa = XCBuildConfiguration;
			buildSettings = {
				BUNDLE_LOADER = "$(TEST_HOST)";
				FRAMEWORK_SEARCH_PATHS = (
					"$(SDKROOT)/Developer/Library/Frameworks",
					"$(inherited)",
				);
				INFOPLIST_FILE = airQTests/Info.plist;
				LD_RUNPATH_SEARCH_PATHS = "$(inherited) @executable_path/Frameworks @loader_path/Frameworks";
				PRODUCT_NAME = "$(TARGET_NAME)";
				TEST_HOST = "$(BUILT_PRODUCTS_DIR)/airQ.app/airQ";
			};
			name = Release;
		};
/* End XCBuildConfiguration section */

/* Begin XCConfigurationList section */
		617496231C294442009A31B7 /* Build configuration list for PBXProject "airQ" */ = {
			isa = XCConfigurationList;
			buildConfigurations = (
				617496491C294443009A31B7 /* Debug */,
				6174964A1C294443009A31B7 /* Release */,
			);
			defaultConfigurationIsVisible = 0;
			defaultConfigurationName = Release;
		};
		6174964B1C294443009A31B7 /* Build configuration list for PBXNativeTarget "airQ" */ = {
			isa = XCConfigurationList;
			buildConfigurations = (
				6174964C1C294443009A31B7 /* Debug */,
				6174964D1C294443009A31B7 /* Release */,
			);
			defaultConfigurationIsVisible = 0;
			defaultConfigurationName = Release;
		};
		6174964E1C294443009A31B7 /* Build configuration list for PBXNativeTarget "airQTests" */ = {
			isa = XCConfigurationList;
			buildConfigurations = (
				6174964F1C294443009A31B7 /* Debug */,
				617496501C294443009A31B7 /* Release */,
			);
			defaultConfigurationIsVisible = 0;
			defaultConfigurationName = Release;
		};
/* End XCConfigurationList section */
	};
	rootObject = 617496201C294442009A31B7 /* Project object */;
}
